
Microsoft Visual Studio Solution File, Format Version 12.00
# Visual Studio 15
VisualStudioVersion = 15.0.27130.2027
MinimumVisualStudioVersion = 10.0.40219.1
Project("{FAE04EC0-301F-11D3-BF4B-00C04F79EFBC}") = "MajoBuilder.UI", "MajoBuilder.UI\MajoBuilder.UI.csproj", "{FD216ECD-46D6-4420-8450-71718640BE0C}"
EndProject
Project("{00D1A9C2-B5F0-4AF3-8072-F6C62B433612}") = "MajoBuilder.SQL", "MajoBuilder.SQL\MajoBuilder.SQL.sqlproj", "{1724256D-F413-4A46-B824-597E0D10B00E}"
EndProject
Project("{FAE04EC0-301F-11D3-BF4B-00C04F79EFBC}") = "MajoBuilder.Data", "MajoBuilder.Data\MajoBuilder.Data.csproj", "{4EF9E498-7170-43C3-8DD0-BDED402C864B}"
EndProject
Global
	GlobalSection(SolutionConfigurationPlatforms) = preSolution
		Debug|Any CPU = Debug|Any CPU
		Release|Any CPU = Release|Any CPU
	EndGlobalSection
	GlobalSection(ProjectConfigurationPlatforms) = postSolution
		{FD216ECD-46D6-4420-8450-71718640BE0C}.Debug|Any CPU.ActiveCfg = Debug|Any CPU
		{FD216ECD-46D6-4420-8450-71718640BE0C}.Debug|Any CPU.Build.0 = Debug|Any CPU
		{FD216ECD-46D6-4420-8450-71718640BE0C}.Release|Any CPU.ActiveCfg = Release|Any CPU
		{FD216ECD-46D6-4420-8450-71718640BE0C}.Release|Any CPU.Build.0 = Release|Any CPU
		{1724256D-F413-4A46-B824-597E0D10B00E}.Debug|Any CPU.ActiveCfg = Debug|Any CPU
		{1724256D-F413-4A46-B824-597E0D10B00E}.Debug|Any CPU.Build.0 = Debug|Any CPU
		{1724256D-F413-4A46-B824-597E0D10B00E}.Debug|Any CPU.Deploy.0 = Debug|Any CPU
		{1724256D-F413-4A46-B824-597E0D10B00E}.Release|Any CPU.ActiveCfg = Release|Any CPU
		{1724256D-F413-4A46-B824-597E0D10B00E}.Release|Any CPU.Build.0 = Release|Any CPU
		{1724256D-F413-4A46-B824-597E0D10B00E}.Release|Any CPU.Deploy.0 = Release|Any CPU
		{4EF9E498-7170-43C3-8DD0-BDED402C864B}.Debug|Any CPU.ActiveCfg = Debug|Any CPU
		{4EF9E498-7170-43C3-8DD0-BDED402C864B}.Debug|Any CPU.Build.0 = Debug|Any CPU
		{4EF9E498-7170-43C3-8DD0-BDED402C864B}.Release|Any CPU.ActiveCfg = Release|Any CPU
		{4EF9E498-7170-43C3-8DD0-BDED402C864B}.Release|Any CPU.Build.0 = Release|Any CPU
	EndGlobalSection
	GlobalSection(SolutionProperties) = preSolution
		HideSolutionNode = FALSE
	EndGlobalSection
	GlobalSection(ExtensibilityGlobals) = postSolution
		SolutionGuid = {578DFABF-5948-4856-B0E1-7D80DFD7B10B}
	EndGlobalSection
EndGlobal
